
Microsoft Visual Studio Solution File, Format Version 12.00
# Visual Studio 15
VisualStudioVersion = 15.0.28307.489
MinimumVisualStudioVersion = 10.0.40219.1
Project("{FAE04EC0-301F-11D3-BF4B-00C04F79EFBC}") = "Gamers", "Gamers\Gamers.csproj", "{67776495-A5C8-4526-BF7C-BFD62BA26AE0}"
EndProject
Project("{FAE04EC0-301F-11D3-BF4B-00C04F79EFBC}") = "Game", "Game\Game.csproj", "{1739C176-4BB5-4898-9E44-F61351B9A5D2}"
EndProject
Project("{FAE04EC0-301F-11D3-BF4B-00C04F79EFBC}") = "GameGuessUI", "GameGuessUI\GameGuessUI.csproj", "{B6F83B66-D5E5-47A7-B05A-A697A53E31FA}"
EndProject
Global
	GlobalSection(SolutionConfigurationPlatforms) = preSolution
		Debug|Any CPU = Debug|Any CPU
		Release|Any CPU = Release|Any CPU
	EndGlobalSection
	GlobalSection(ProjectConfigurationPlatforms) = postSolution
		{67776495-A5C8-4526-BF7C-BFD62BA26AE0}.Debug|Any CPU.ActiveCfg = Debug|Any CPU
		{67776495-A5C8-4526-BF7C-BFD62BA26AE0}.Debug|Any CPU.Build.0 = Debug|Any CPU
		{67776495-A5C8-4526-BF7C-BFD62BA26AE0}.Release|Any CPU.ActiveCfg = Release|Any CPU
		{67776495-A5C8-4526-BF7C-BFD62BA26AE0}.Release|Any CPU.Build.0 = Release|Any CPU
		{1739C176-4BB5-4898-9E44-F61351B9A5D2}.Debug|Any CPU.ActiveCfg = Debug|Any CPU
		{1739C176-4BB5-4898-9E44-F61351B9A5D2}.Debug|Any CPU.Build.0 = Debug|Any CPU
		{1739C176-4BB5-4898-9E44-F61351B9A5D2}.Release|Any CPU.ActiveCfg = Release|Any CPU
		{1739C176-4BB5-4898-9E44-F61351B9A5D2}.Release|Any CPU.Build.0 = Release|Any CPU
		{B6F83B66-D5E5-47A7-B05A-A697A53E31FA}.Debug|Any CPU.ActiveCfg = Debug|Any CPU
		{B6F83B66-D5E5-47A7-B05A-A697A53E31FA}.Debug|Any CPU.Build.0 = Debug|Any CPU
		{B6F83B66-D5E5-47A7-B05A-A697A53E31FA}.Release|Any CPU.ActiveCfg = Release|Any CPU
		{B6F83B66-D5E5-47A7-B05A-A697A53E31FA}.Release|Any CPU.Build.0 = Release|Any CPU
	EndGlobalSection
	GlobalSection(SolutionProperties) = preSolution
		HideSolutionNode = FALSE
	EndGlobalSection
	GlobalSection(ExtensibilityGlobals) = postSolution
		SolutionGuid = {882D4A17-40A2-4253-A401-49272D446698}
	EndGlobalSection
EndGlobal
